
Microsoft Visual Studio Solution File, Format Version 12.00
# Visual Studio Version 16
VisualStudioVersion = 16.0.808.6
MinimumVisualStudioVersion = 10.0.40219.1
Project("{FAE04EC0-301F-11D3-BF4B-00C04F79EFBC}") = "Orders", "Orders\Orders.csproj", "{F5CE6E78-1F4D-4718-9876-0DD7304C4AA0}"
EndProject
Project("{E53339B2-1760-4266-BCC7-CA923CBCF16C}") = "docker-compose", "docker-compose.dcproj", "{B1E3BD3D-B4DC-46D1-AE16-1C6764544314}"
EndProject
Global
	GlobalSection(SolutionConfigurationPlatforms) = preSolution
		Debug|Any CPU = Debug|Any CPU
		Release|Any CPU = Release|Any CPU
	EndGlobalSection
	GlobalSection(ProjectConfigurationPlatforms) = postSolution
		{F5CE6E78-1F4D-4718-9876-0DD7304C4AA0}.Debug|Any CPU.ActiveCfg = Debug|Any CPU
		{F5CE6E78-1F4D-4718-9876-0DD7304C4AA0}.Debug|Any CPU.Build.0 = Debug|Any CPU
		{F5CE6E78-1F4D-4718-9876-0DD7304C4AA0}.Release|Any CPU.ActiveCfg = Release|Any CPU
		{F5CE6E78-1F4D-4718-9876-0DD7304C4AA0}.Release|Any CPU.Build.0 = Release|Any CPU
		{B1E3BD3D-B4DC-46D1-AE16-1C6764544314}.Debug|Any CPU.ActiveCfg = Debug|Any CPU
		{B1E3BD3D-B4DC-46D1-AE16-1C6764544314}.Debug|Any CPU.Build.0 = Debug|Any CPU
		{B1E3BD3D-B4DC-46D1-AE16-1C6764544314}.Release|Any CPU.ActiveCfg = Release|Any CPU
		{B1E3BD3D-B4DC-46D1-AE16-1C6764544314}.Release|Any CPU.Build.0 = Release|Any CPU
	EndGlobalSection
	GlobalSection(SolutionProperties) = preSolution
		HideSolutionNode = FALSE
	EndGlobalSection
	GlobalSection(ExtensibilityGlobals) = postSolution
		SolutionGuid = {60ACF74C-7CEE-4134-BAD6-7A39D0BC674D}
	EndGlobalSection
EndGlobal
